
Microsoft Visual Studio Solution File, Format Version 12.00
# Visual Studio Version 16
VisualStudioVersion = 16.0.31105.61
MinimumVisualStudioVersion = 10.0.40219.1
Project("{FAE04EC0-301F-11D3-BF4B-00C04F79EFBC}") = "HelloUWP", "HelloUWP\HelloUWP.csproj", "{CF415970-7324-48F6-AD08-7D6B3935AB46}"
EndProject
Project("{9A19103F-16F7-4668-BE54-9A1E7A4F7556}") = "HelloUWP.Core", "HelloUWP.Core\HelloUWP.Core.csproj", "{8C8D5D4E-F344-4A30-9A7E-2DB9DCD63146}"
EndProject
Global
	GlobalSection(SolutionConfigurationPlatforms) = preSolution
		Debug|Any CPU = Debug|Any CPU
		Debug|ARM = Debug|ARM
		Debug|ARM64 = Debug|ARM64
		Debug|x64 = Debug|x64
		Debug|x86 = Debug|x86
		Release|Any CPU = Release|Any CPU
		Release|ARM = Release|ARM
		Release|ARM64 = Release|ARM64
		Release|x64 = Release|x64
		Release|x86 = Release|x86
	EndGlobalSection
	GlobalSection(ProjectConfigurationPlatforms) = postSolution
		{CF415970-7324-48F6-AD08-7D6B3935AB46}.Debug|Any CPU.ActiveCfg = Debug|x86
		{CF415970-7324-48F6-AD08-7D6B3935AB46}.Debug|ARM.ActiveCfg = Debug|ARM
		{CF415970-7324-48F6-AD08-7D6B3935AB46}.Debug|ARM.Build.0 = Debug|ARM
		{CF415970-7324-48F6-AD08-7D6B3935AB46}.Debug|ARM.Deploy.0 = Debug|ARM
		{CF415970-7324-48F6-AD08-7D6B3935AB46}.Debug|ARM64.ActiveCfg = Debug|ARM64
		{CF415970-7324-48F6-AD08-7D6B3935AB46}.Debug|ARM64.Build.0 = Debug|ARM64
		{CF415970-7324-48F6-AD08-7D6B3935AB46}.Debug|ARM64.Deploy.0 = Debug|ARM64
		{CF415970-7324-48F6-AD08-7D6B3935AB46}.Debug|x64.ActiveCfg = Debug|x64
		{CF415970-7324-48F6-AD08-7D6B3935AB46}.Debug|x64.Build.0 = Debug|x64
		{CF415970-7324-48F6-AD08-7D6B3935AB46}.Debug|x64.Deploy.0 = Debug|x64
		{CF415970-7324-48F6-AD08-7D6B3935AB46}.Debug|x86.ActiveCfg = Debug|x86
		{CF415970-7324-48F6-AD08-7D6B3935AB46}.Debug|x86.Build.0 = Debug|x86
		{CF415970-7324-48F6-AD08-7D6B3935AB46}.Debug|x86.Deploy.0 = Debug|x86
		{CF415970-7324-48F6-AD08-7D6B3935AB46}.Release|Any CPU.ActiveCfg = Release|x86
		{CF415970-7324-48F6-AD08-7D6B3935AB46}.Release|ARM.ActiveCfg = Release|ARM
		{CF415970-7324-48F6-AD08-7D6B3935AB46}.Release|ARM.Build.0 = Release|ARM
		{CF415970-7324-48F6-AD08-7D6B3935AB46}.Release|ARM.Deploy.0 = Release|ARM
		{CF415970-7324-48F6-AD08-7D6B3935AB46}.Release|ARM64.ActiveCfg = Release|ARM64
		{CF415970-7324-48F6-AD08-7D6B3935AB46}.Release|ARM64.Build.0 = Release|ARM64
		{CF415970-7324-48F6-AD08-7D6B3935AB46}.Release|ARM64.Deploy.0 = Release|ARM64
		{CF415970-7324-48F6-AD08-7D6B3935AB46}.Release|x64.ActiveCfg = Release|x64
		{CF415970-7324-48F6-AD08-7D6B3935AB46}.Release|x64.Build.0 = Release|x64
		{CF415970-7324-48F6-AD08-7D6B3935AB46}.Release|x64.Deploy.0 = Release|x64
		{CF415970-7324-48F6-AD08-7D6B3935AB46}.Release|x86.ActiveCfg = Release|x86
		{CF415970-7324-48F6-AD08-7D6B3935AB46}.Release|x86.Build.0 = Release|x86
		{CF415970-7324-48F6-AD08-7D6B3935AB46}.Release|x86.Deploy.0 = Release|x86
		{8C8D5D4E-F344-4A30-9A7E-2DB9DCD63146}.Debug|Any CPU.ActiveCfg = Debug|Any CPU
		{8C8D5D4E-F344-4A30-9A7E-2DB9DCD63146}.Debug|Any CPU.Build.0 = Debug|Any CPU
		{8C8D5D4E-F344-4A30-9A7E-2DB9DCD63146}.Debug|ARM.ActiveCfg = Debug|Any CPU
		{8C8D5D4E-F344-4A30-9A7E-2DB9DCD63146}.Debug|ARM.Build.0 = Debug|Any CPU
		{8C8D5D4E-F344-4A30-9A7E-2DB9DCD63146}.Debug|ARM64.ActiveCfg = Debug|Any CPU
		{8C8D5D4E-F344-4A30-9A7E-2DB9DCD63146}.Debug|ARM64.Build.0 = Debug|Any CPU
		{8C8D5D4E-F344-4A30-9A7E-2DB9DCD63146}.Debug|x64.ActiveCfg = Debug|Any CPU
		{8C8D5D4E-F344-4A30-9A7E-2DB9DCD63146}.Debug|x64.Build.0 = Debug|Any CPU
		{8C8D5D4E-F344-4A30-9A7E-2DB9DCD63146}.Debug|x86.ActiveCfg = Debug|Any CPU
		{8C8D5D4E-F344-4A30-9A7E-2DB9DCD63146}.Debug|x86.Build.0 = Debug|Any CPU
		{8C8D5D4E-F344-4A30-9A7E-2DB9DCD63146}.Release|Any CPU.ActiveCfg = Release|Any CPU
		{8C8D5D4E-F344-4A30-9A7E-2DB9DCD63146}.Release|Any CPU.Build.0 = Release|Any CPU
		{8C8D5D4E-F344-4A30-9A7E-2DB9DCD63146}.Release|ARM.ActiveCfg = Release|Any CPU
		{8C8D5D4E-F344-4A30-9A7E-2DB9DCD63146}.Release|ARM.Build.0 = Release|Any CPU
		{8C8D5D4E-F344-4A30-9A7E-2DB9DCD63146}.Release|ARM64.ActiveCfg = Release|Any CPU
		{8C8D5D4E-F344-4A30-9A7E-2DB9DCD63146}.Release|ARM64.Build.0 = Release|Any CPU
		{8C8D5D4E-F344-4A30-9A7E-2DB9DCD63146}.Release|x64.ActiveCfg = Release|Any CPU
		{8C8D5D4E-F344-4A30-9A7E-2DB9DCD63146}.Release|x64.Build.0 = Release|Any CPU
		{8C8D5D4E-F344-4A30-9A7E-2DB9DCD63146}.Release|x86.ActiveCfg = Release|Any CPU
		{8C8D5D4E-F344-4A30-9A7E-2DB9DCD63146}.Release|x86.Build.0 = Release|Any CPU
	EndGlobalSection
	GlobalSection(SolutionProperties) = preSolution
		HideSolutionNode = FALSE
	EndGlobalSection
	GlobalSection(ExtensibilityGlobals) = postSolution
		SolutionGuid = {97479775-6240-472A-8BCD-95A983133420}
	EndGlobalSection
EndGlobal
